Microsoft Visual Studio Solution File, Format Version 12.00
# Visual Studio Version 16
VisualStudioVersion = 16.0.29411.138
MinimumVisualStudioVersion = 10.0.40219.1
Project("{FAE04EC0-301F-11D3-BF4B-00C04F79EFBC}") = "VS.Mvc", "VS.Mvc\VS.Mvc.csproj", "{8862A1CF-26F8-4B9A-A5C7-61600BD6A181}"
EndProject
Project("{9A19103F-16F7-4668-BE54-9A1E7A4F7556}") = "VS.Tests", "VS.Tests\VS.Tests.csproj", "{F17AFD19-F85E-4B76-BFD6-017071F731E5}"
EndProject
Project("{FAE04EC0-301F-11D3-BF4B-00C04F79EFBC}") = "VS.Abstractions", "VS.Abstractions\VS.Abstractions.csproj", "{736AE9A6-3782-4E2B-A39E-315FA12387EB}"
EndProject
Project("{FAE04EC0-301F-11D3-BF4B-00C04F79EFBC}") = "VS.Aws", "VS.Aws\VS.Aws.csproj", "{947C3E7E-3C76-4723-BCC6-02475236ABEA}"
EndProject
Project("{FAE04EC0-301F-11D3-BF4B-00C04F79EFBC}") = "VS.ApacheMQ", "VS.ApacheMQ\VS.ApacheMQ.csproj", "{FA988D67-1EE9-4FBD-A6E7-245AECA212B9}"
EndProject
Global
	GlobalSection(SolutionConfigurationPlatforms) = preSolution
		Debug|Any CPU = Debug|Any CPU
		Release|Any CPU = Release|Any CPU
	EndGlobalSection
	GlobalSection(ProjectConfigurationPlatforms) = postSolution
		{8862A1CF-26F8-4B9A-A5C7-61600BD6A181}.Debug|Any CPU.ActiveCfg = Debug|Any CPU
		{8862A1CF-26F8-4B9A-A5C7-61600BD6A181}.Debug|Any CPU.Build.0 = Debug|Any CPU
		{8862A1CF-26F8-4B9A-A5C7-61600BD6A181}.Release|Any CPU.ActiveCfg = Release|Any CPU
		{8862A1CF-26F8-4B9A-A5C7-61600BD6A181}.Release|Any CPU.Build.0 = Release|Any CPU
		{F17AFD19-F85E-4B76-BFD6-017071F731E5}.Debug|Any CPU.ActiveCfg = Debug|Any CPU
		{F17AFD19-F85E-4B76-BFD6-017071F731E5}.Debug|Any CPU.Build.0 = Debug|Any CPU
		{F17AFD19-F85E-4B76-BFD6-017071F731E5}.Release|Any CPU.ActiveCfg = Release|Any CPU
		{F17AFD19-F85E-4B76-BFD6-017071F731E5}.Release|Any CPU.Build.0 = Release|Any CPU
		{736AE9A6-3782-4E2B-A39E-315FA12387EB}.Debug|Any CPU.ActiveCfg = Debug|Any CPU
		{736AE9A6-3782-4E2B-A39E-315FA12387EB}.Debug|Any CPU.Build.0 = Debug|Any CPU
		{736AE9A6-3782-4E2B-A39E-315FA12387EB}.Release|Any CPU.ActiveCfg = Release|Any CPU
		{736AE9A6-3782-4E2B-A39E-315FA12387EB}.Release|Any CPU.Build.0 = Release|Any CPU
		{947C3E7E-3C76-4723-BCC6-02475236ABEA}.Debug|Any CPU.ActiveCfg = Debug|Any CPU
		{947C3E7E-3C76-4723-BCC6-02475236ABEA}.Debug|Any CPU.Build.0 = Debug|Any CPU
		{947C3E7E-3C76-4723-BCC6-02475236ABEA}.Release|Any CPU.ActiveCfg = Release|Any CPU
		{947C3E7E-3C76-4723-BCC6-02475236ABEA}.Release|Any CPU.Build.0 = Release|Any CPU
		{FA988D67-1EE9-4FBD-A6E7-245AECA212B9}.Debug|Any CPU.ActiveCfg = Debug|Any CPU
		{FA988D67-1EE9-4FBD-A6E7-245AECA212B9}.Debug|Any CPU.Build.0 = Debug|Any CPU
		{FA988D67-1EE9-4FBD-A6E7-245AECA212B9}.Release|Any CPU.ActiveCfg = Release|Any CPU
		{FA988D67-1EE9-4FBD-A6E7-245AECA212B9}.Release|Any CPU.Build.0 = Release|Any CPU
	EndGlobalSection
	GlobalSection(SolutionProperties) = preSolution
		HideSolutionNode = FALSE
	EndGlobalSection
	GlobalSection(ExtensibilityGlobals) = postSolution
		SolutionGuid = {DF5DABD3-6BFD-42AF-A930-0AB0917F46E7}
	EndGlobalSection
EndGlobal
