Microsoft Visual Studio Solution File, Format Version 12.00
# Visual Studio Version 16
VisualStudioVersion = 16.0.29411.138
MinimumVisualStudioVersion = 10.0.40219.1
Project("{9A19103F-16F7-4668-BE54-9A1E7A4F7556}") = "VS.Mvc", "VS.Mvc\VS.Mvc.csproj", "{8862A1CF-26F8-4B9A-A5C7-61600BD6A181}"
EndProject
Project("{9A19103F-16F7-4668-BE54-9A1E7A4F7556}") = "VS.Tests", "VS.Tests\VS.Tests.csproj", "{F17AFD19-F85E-4B76-BFD6-017071F731E5}"
EndProject
Project("{9A19103F-16F7-4668-BE54-9A1E7A4F7556}") = "VS.Abstractions", "VS.Abstractions\VS.Abstractions.csproj", "{736AE9A6-3782-4E2B-A39E-315FA12387EB}"
EndProject
Project("{9A19103F-16F7-4668-BE54-9A1E7A4F7556}") = "VS.Aws", "VS.Aws\VS.Aws.csproj", "{947C3E7E-3C76-4723-BCC6-02475236ABEA}"
EndProject
Project("{9A19103F-16F7-4668-BE54-9A1E7A4F7556}") = "VS.ActiveMQ", "VS.ActiveMQ\VS.ActiveMQ.csproj", "{FA988D67-1EE9-4FBD-A6E7-245AECA212B9}"
EndProject
Project("{9A19103F-16F7-4668-BE54-9A1E7A4F7556}") = "VS.Core", "VS.Core\VS.Core.csproj", "{0986CF62-C329-4F59-8A08-35905A0ECD5D}"
EndProject
Project("{9A19103F-16F7-4668-BE54-9A1E7A4F7556}") = "VS.ActiveMQ.Tests", "VS.ActiveMQ.Tests\VS.ActiveMQ.Tests.csproj", "{BAAA317D-DA6B-4B8C-9E87-DA68967BB850}"
EndProject
Project("{9A19103F-16F7-4668-BE54-9A1E7A4F7556}") = "VS.PostGres", "VS.PostGres\VS.PostGres.csproj", "{C7E4E600-0EDA-4D9A-8EA9-2986A23DC492}"
EndProject
Project("{9A19103F-16F7-4668-BE54-9A1E7A4F7556}") = "VS.Core.Tests", "VS.Core.Tests\VS.Core.Tests.csproj", "{E8206558-1F1F-47A6-9398-E4D002F6DC27}"
EndProject
Project("{9A19103F-16F7-4668-BE54-9A1E7A4F7556}") = "VS.Redis", "VS.Redis\VS.Redis.csproj", "{7F6192CD-4A07-4E1D-AB40-7ED0B1D8CA57}"
EndProject
Project("{9A19103F-16F7-4668-BE54-9A1E7A4F7556}") = "VS.MySql", "VS.MySql\VS.MySql.csproj", "{0FF7A8A1-5CA3-48C7-9494-461909AD848F}"
EndProject
Project("{9A19103F-16F7-4668-BE54-9A1E7A4F7556}") = "VS.Azure", "VS.Azure\VS.Azure.csproj", "{67E457E0-F5DF-4A23-8B4B-41C43267EECA}"
EndProject
Project("{9A19103F-16F7-4668-BE54-9A1E7A4F7556}") = "VS.GCloud", "VS.GCloud\VS.GCloud.csproj", "{A2EF9E14-7518-48E6-B6A4-73DAF383E11E}"
EndProject
Project("{9A19103F-16F7-4668-BE54-9A1E7A4F7556}") = "VS.Core.Aws", "VS.Core.Aws\VS.Core.Aws.csproj", "{4C89E071-2C56-44F9-962F-C5573AAD9017}"
EndProject
Project("{9A19103F-16F7-4668-BE54-9A1E7A4F7556}") = "VS.Core.ActiveMQ", "VS.Core.ActiveMQ\VS.Core.ActiveMQ.csproj", "{8B208EDC-4A7E-4001-82BA-FF2A6DA16B41}"
EndProject
Project("{9A19103F-16F7-4668-BE54-9A1E7A4F7556}") = "VS.MPack", "VS.MessagePack\VS.MPack.csproj", "{87CD9B19-A77C-498F-B785-9FA3918633D0}"
EndProject
Project("{9A19103F-16F7-4668-BE54-9A1E7A4F7556}") = "VS.Core.FakeData", "VS.Core.FakeData\VS.Core.FakeData.csproj", "{4AA0CD94-8F53-4299-B17B-74039C3C9827}"
EndProject
Project("{9A19103F-16F7-4668-BE54-9A1E7A4F7556}") = "VS.Core.PostGres", "VS.Core.PostGres\VS.Core.PostGres.csproj", "{A3ABF5AF-3715-4BC5-B2E7-79854260E0F2}"
EndProject
Project("{9A19103F-16F7-4668-BE54-9A1E7A4F7556}") = "VS.Data", "VS.Data\VS.Data.csproj", "{68A900EF-E9DD-4815-8208-2655B31B7452}"
EndProject
Project("{9A19103F-16F7-4668-BE54-9A1E7A4F7556}") = "VS.PostGres.Tests", "VS.PostGres.Tests\VS.PostGres.Tests.csproj", "{3DD4449B-7F09-4E91-98C9-D8EF0CC73DF9}"
EndProject
Project("{9A19103F-16F7-4668-BE54-9A1E7A4F7556}") = "VS.Data.Tests", "VS.Data.Tests\VS.Data.Tests.csproj", "{EF1EF4CF-0925-4CFE-97CF-0F8659FB368A}"
EndProject
Project("{9A19103F-16F7-4668-BE54-9A1E7A4F7556}") = "VD.PayOn", "VD.PayOn\VD.PayOn.csproj", "{4E6E1CBC-8443-44C7-858E-0C3D440B9C70}"
EndProject
Project("{9A19103F-16F7-4668-BE54-9A1E7A4F7556}") = "VD.PayOn.Tests", "VD.PayOn.Tests\VD.PayOn.Tests.csproj", "{D087DEA2-F6F4-492D-A068-F1AB98470836}"
EndProject
Project("{9A19103F-16F7-4668-BE54-9A1E7A4F7556}") = "VS.Core.PayOn", "VS.Core.PayOn\VS.Core.PayOn.csproj", "{F36FA8DD-BB9B-4E02-875A-395E8493AB29}"
EndProject
Project("{9A19103F-16F7-4668-BE54-9A1E7A4F7556}") = "VS.Core.Dapper", "VS.Core.Dapper\VS.Core.Dapper.csproj", "{382A4FA6-66FB-4172-A3EB-ABC5F08718E8}"
EndProject
Project("{9A19103F-16F7-4668-BE54-9A1E7A4F7556}") = "VS.Core.Local", "VS.Core.Local\VS.Core.Local.csproj", "{4548EA48-05B8-43F5-8A99-88EA7D181E8C}"
EndProject
Project("{9A19103F-16F7-4668-BE54-9A1E7A4F7556}") = "VS.Core.Yoti", "VS.Core.Yoti\VS.Core.Yoti.csproj", "{B1214B2C-2917-41AD-9195-CD8947302A61}"
EndProject
Project("{9A19103F-16F7-4668-BE54-9A1E7A4F7556}") = "VD.Yoti", "VD.Yoti\VD.Yoti.csproj", "{D7B3189A-EC4F-4A4D-8A72-330B334997E3}"
EndProject
Project("{2150E333-8FDC-42A3-9474-1A3956D46DE8}") = "Solution Items", "Solution Items", "{952E7BB1-5EB2-494E-A129-9B261EED61A8}"
	ProjectSection(SolutionItems) = preProject
		.editorconfig = .editorconfig
	EndProjectSection
EndProject
Project("{9A19103F-16F7-4668-BE54-9A1E7A4F7556}") = "VS.Mvc.Vivastreet_Com", "VS.Mvc.Vivastreet_Com\VS.Mvc.Vivastreet_Com.csproj", "{84F61112-C892-4451-B195-DEF682886686}"
EndProject
Project("{9A19103F-16F7-4668-BE54-9A1E7A4F7556}") = "VS.Mvc.Components", "VS.Mvc.Components\VS.Mvc.Components.csproj", "{B3D0CE2A-FFEF-466C-8179-72370D200DB6}"
EndProject
Project("{13B669BE-BB05-4DDF-9536-439F39A36129}") = "VS.OWA", "VS.OWA\VS.OWA.msbuildproj", "{493CE2B9-5075-4D0C-9FB5-BF4A2ACA9542}"
EndProject
Project("{2150E333-8FDC-42A3-9474-1A3956D46DE8}") = "PeachPie", "PeachPie", "{D865B4E8-0AD3-439F-8258-5C920D5EFC39}"
EndProject
Project("{2150E333-8FDC-42A3-9474-1A3956D46DE8}") = "AspNetCore", "AspNetCore", "{DD4E15D8-FC59-40CC-BBD1-35E93F23DAD0}"
EndProject
Project("{9A19103F-16F7-4668-BE54-9A1E7A4F7556}") = "Peachpie.AspNetCore.Mvc", "PeachPie\src\Peachpie.AspNetCore.Mvc\Peachpie.AspNetCore.Mvc.csproj", "{27A3EC95-9373-4505-BACC-924CC204A0B4}"
EndProject
Project("{9A19103F-16F7-4668-BE54-9A1E7A4F7556}") = "Peachpie.AspNetCore.Web", "PeachPie\src\Peachpie.AspNetCore.Web\Peachpie.AspNetCore.Web.csproj", "{9A163797-3898-4F45-BA52-EE60807F3535}"
EndProject
Project("{2150E333-8FDC-42A3-9474-1A3956D46DE8}") = "Compiler", "Compiler", "{00957ABE-6527-4A4A-9972-6C1C3FBB9361}"
EndProject
Project("{9A19103F-16F7-4668-BE54-9A1E7A4F7556}") = "peach", "PeachPie\src\Compiler\peach\peach.csproj", "{CB80D298-9191-48DB-8A2F-F485EE5E5621}"
EndProject
Project("{9A19103F-16F7-4668-BE54-9A1E7A4F7556}") = "Peachpie.CodeAnalysis", "PeachPie\src\Peachpie.CodeAnalysis\Peachpie.CodeAnalysis.csproj", "{734FF1C7-FB53-49DF-ABF1-3C03FE646182}"
EndProject
Project("{9A19103F-16F7-4668-BE54-9A1E7A4F7556}") = "Peachpie.NET.Sdk", "PeachPie\src\Peachpie.NET.Sdk\Peachpie.NET.Sdk.csproj", "{81DBF358-3A23-4DC0-92FE-4EE20C2C6092}"
EndProject
Project("{2150E333-8FDC-42A3-9474-1A3956D46DE8}") = "Library", "Library", "{36942B1D-12EE-415F-859F-B86E75407D1E}"
EndProject
Project("{9A19103F-16F7-4668-BE54-9A1E7A4F7556}") = "Peachpie.Library", "PeachPie\src\Peachpie.Library\Peachpie.Library.csproj", "{0FE40F70-899D-4AD5-9590-177593A664E0}"
EndProject
Project("{9A19103F-16F7-4668-BE54-9A1E7A4F7556}") = "Peachpie.Library.Graphics", "PeachPie\src\Peachpie.Library.Graphics\Peachpie.Library.Graphics.csproj", "{485E0B6B-7E67-4B4C-82A7-A0135ABAB3A9}"
EndProject
Project("{9A19103F-16F7-4668-BE54-9A1E7A4F7556}") = "Peachpie.Library.MsSql", "PeachPie\src\Peachpie.Library.MsSql\Peachpie.Library.MsSql.csproj", "{A1CE6D26-54B0-4C38-8CBC-2AC6C2E5DDCB}"
EndProject
Project("{9A19103F-16F7-4668-BE54-9A1E7A4F7556}") = "Peachpie.Library.MySql", "PeachPie\src\Peachpie.Library.MySql\Peachpie.Library.MySql.csproj", "{BE09F29B-63E4-4F7A-8D21-35FA3DF73B3F}"
EndProject
Project("{9A19103F-16F7-4668-BE54-9A1E7A4F7556}") = "Peachpie.Library.Network", "PeachPie\src\Peachpie.Library.Network\Peachpie.Library.Network.csproj", "{33141CB0-45F9-4E08-B4BE-45E5E9F90BF6}"
EndProject
Project("{9A19103F-16F7-4668-BE54-9A1E7A4F7556}") = "Peachpie.Library.Scripting", "PeachPie\src\Peachpie.Library.Scripting\Peachpie.Library.Scripting.csproj", "{4A900F77-A609-4B64-8306-C2BEA844A8FA}"
EndProject
Project("{9A19103F-16F7-4668-BE54-9A1E7A4F7556}") = "Peachpie.Library.XmlDom", "PeachPie\src\Peachpie.Library.XmlDom\Peachpie.Library.XmlDom.csproj", "{AAFD78B7-12A4-4493-9998-A788EC1AA897}"
EndProject
Project("{2150E333-8FDC-42A3-9474-1A3956D46DE8}") = "Library.PDO", "Library.PDO", "{206416C0-3779-4704-AC21-F1C1B6DF8EA9}"
EndProject
Project("{9A19103F-16F7-4668-BE54-9A1E7A4F7556}") = "Peachpie.Library.PDO", "PeachPie\src\PDO\Peachpie.Library.PDO\Peachpie.Library.PDO.csproj", "{D9CB7D24-8260-4E0F-B530-6C4CEA4BA7BE}"
EndProject
Project("{9A19103F-16F7-4668-BE54-9A1E7A4F7556}") = "Peachpie.Library.PDO.Firebird", "PeachPie\src\PDO\Peachpie.Library.PDO.Firebird\Peachpie.Library.PDO.Firebird.csproj", "{1BB700E1-45C3-4B48-9804-D77FEB05B06E}"
EndProject
Project("{9A19103F-16F7-4668-BE54-9A1E7A4F7556}") = "Peachpie.Library.PDO.IBM", "PeachPie\src\PDO\Peachpie.Library.PDO.IBM\Peachpie.Library.PDO.IBM.csproj", "{4F080955-79D7-4D88-8A1B-6D271536FE56}"
EndProject
Project("{9A19103F-16F7-4668-BE54-9A1E7A4F7556}") = "Peachpie.Library.PDO.MySQL", "PeachPie\src\PDO\Peachpie.Library.PDO.MySQL\Peachpie.Library.PDO.MySQL.csproj", "{66DB6A28-9C66-4788-85CD-E30F104FB7FB}"
EndProject
Project("{9A19103F-16F7-4668-BE54-9A1E7A4F7556}") = "Peachpie.Library.PDO.PgSQL", "PeachPie\src\PDO\Peachpie.Library.PDO.PgSQL\Peachpie.Library.PDO.PgSQL.csproj", "{8EC30785-C1A2-4C2B-8F38-30D1D61BB757}"
EndProject
Project("{9A19103F-16F7-4668-BE54-9A1E7A4F7556}") = "Peachpie.Library.PDO.Sqlite", "PeachPie\src\PDO\Peachpie.Library.PDO.Sqlite\Peachpie.Library.PDO.Sqlite.csproj", "{983885E7-0E1F-4D1C-9ACF-66DBA2E1EBEF}"
EndProject
Project("{9A19103F-16F7-4668-BE54-9A1E7A4F7556}") = "Peachpie.Library.PDO.SqlSrv", "PeachPie\src\PDO\Peachpie.Library.PDO.SqlSrv\Peachpie.Library.PDO.SqlSrv.csproj", "{A7084841-EED6-4B13-9EF8-26A8B526C282}"
EndProject
Project("{2150E333-8FDC-42A3-9474-1A3956D46DE8}") = "Tests", "Tests", "{096C1B78-1B41-4965-91FA-90EDAE88E17D}"
EndProject
Project("{9A19103F-16F7-4668-BE54-9A1E7A4F7556}") = "Peachpie.DiagnosticTests", "PeachPie\src\Tests\Peachpie.DiagnosticTests\Peachpie.DiagnosticTests.csproj", "{6C8AA9DD-48B7-499B-8AE8-60CB57F7A921}"
EndProject
Project("{9A19103F-16F7-4668-BE54-9A1E7A4F7556}") = "Peachpie.NET.SdkTests", "PeachPie\src\Tests\Peachpie.NET.SdkTests\Peachpie.NET.SdkTests.csproj", "{B524C264-376F-4630-A6A1-58A61B4B5E29}"
EndProject
Project("{9A19103F-16F7-4668-BE54-9A1E7A4F7556}") = "Peachpie.Runtime.Tests", "PeachPie\src\Tests\Peachpie.Runtime.Tests\Peachpie.Runtime.Tests.csproj", "{FD3E1072-74FA-4C5D-BABB-5CDE7169E501}"
EndProject
Project("{9A19103F-16F7-4668-BE54-9A1E7A4F7556}") = "Peachpie.ScriptTests", "PeachPie\src\Tests\Peachpie.ScriptTests\Peachpie.ScriptTests.csproj", "{24F895C7-ACCA-4DAA-A4B7-CB340BB30C7D}"
EndProject
Project("{9A19103F-16F7-4668-BE54-9A1E7A4F7556}") = "Peachpie.Test", "PeachPie\src\Tests\Peachpie.Test\Peachpie.Test.csproj", "{BAA648E4-BBFB-47A8-9110-3906F38BB772}"
EndProject
Project("{9A19103F-16F7-4668-BE54-9A1E7A4F7556}") = "Peachpie.App", "PeachPie\src\Peachpie.App\Peachpie.App.csproj", "{940C22FD-426A-4C6E-B61F-1C9F1B3507ED}"
EndProject
Project("{9A19103F-16F7-4668-BE54-9A1E7A4F7556}") = "Peachpie.RequestHandler", "PeachPie\src\Peachpie.RequestHandler\Peachpie.RequestHandler.csproj", "{D78A2C62-977C-46CC-909C-E0CC37D37C32}"
EndProject
Project("{9A19103F-16F7-4668-BE54-9A1E7A4F7556}") = "Peachpie.Runtime", "PeachPie\src\Peachpie.Runtime\Peachpie.Runtime.csproj", "{7E3C52CA-2D78-44B4-9863-277CEEB17B62}"
EndProject
Global
	GlobalSection(SolutionConfigurationPlatforms) = preSolution
		Debug|Any CPU = Debug|Any CPU
		Release|Any CPU = Release|Any CPU
	EndGlobalSection
	GlobalSection(ProjectConfigurationPlatforms) = postSolution
		{8862A1CF-26F8-4B9A-A5C7-61600BD6A181}.Debug|Any CPU.ActiveCfg = Debug|Any CPU
		{8862A1CF-26F8-4B9A-A5C7-61600BD6A181}.Debug|Any CPU.Build.0 = Debug|Any CPU
		{8862A1CF-26F8-4B9A-A5C7-61600BD6A181}.Release|Any CPU.ActiveCfg = Release|Any CPU
		{8862A1CF-26F8-4B9A-A5C7-61600BD6A181}.Release|Any CPU.Build.0 = Release|Any CPU
		{F17AFD19-F85E-4B76-BFD6-017071F731E5}.Debug|Any CPU.ActiveCfg = Debug|Any CPU
		{F17AFD19-F85E-4B76-BFD6-017071F731E5}.Debug|Any CPU.Build.0 = Debug|Any CPU
		{F17AFD19-F85E-4B76-BFD6-017071F731E5}.Release|Any CPU.ActiveCfg = Release|Any CPU
		{F17AFD19-F85E-4B76-BFD6-017071F731E5}.Release|Any CPU.Build.0 = Release|Any CPU
		{736AE9A6-3782-4E2B-A39E-315FA12387EB}.Debug|Any CPU.ActiveCfg = Debug|Any CPU
		{736AE9A6-3782-4E2B-A39E-315FA12387EB}.Debug|Any CPU.Build.0 = Debug|Any CPU
		{736AE9A6-3782-4E2B-A39E-315FA12387EB}.Release|Any CPU.ActiveCfg = Release|Any CPU
		{736AE9A6-3782-4E2B-A39E-315FA12387EB}.Release|Any CPU.Build.0 = Release|Any CPU
		{947C3E7E-3C76-4723-BCC6-02475236ABEA}.Debug|Any CPU.ActiveCfg = Debug|Any CPU
		{947C3E7E-3C76-4723-BCC6-02475236ABEA}.Debug|Any CPU.Build.0 = Debug|Any CPU
		{947C3E7E-3C76-4723-BCC6-02475236ABEA}.Release|Any CPU.ActiveCfg = Release|Any CPU
		{947C3E7E-3C76-4723-BCC6-02475236ABEA}.Release|Any CPU.Build.0 = Release|Any CPU
		{FA988D67-1EE9-4FBD-A6E7-245AECA212B9}.Debug|Any CPU.ActiveCfg = Debug|Any CPU
		{FA988D67-1EE9-4FBD-A6E7-245AECA212B9}.Debug|Any CPU.Build.0 = Debug|Any CPU
		{FA988D67-1EE9-4FBD-A6E7-245AECA212B9}.Release|Any CPU.ActiveCfg = Release|Any CPU
		{FA988D67-1EE9-4FBD-A6E7-245AECA212B9}.Release|Any CPU.Build.0 = Release|Any CPU
		{0986CF62-C329-4F59-8A08-35905A0ECD5D}.Debug|Any CPU.ActiveCfg = Debug|Any CPU
		{0986CF62-C329-4F59-8A08-35905A0ECD5D}.Debug|Any CPU.Build.0 = Debug|Any CPU
		{0986CF62-C329-4F59-8A08-35905A0ECD5D}.Release|Any CPU.ActiveCfg = Release|Any CPU
		{0986CF62-C329-4F59-8A08-35905A0ECD5D}.Release|Any CPU.Build.0 = Release|Any CPU
		{BAAA317D-DA6B-4B8C-9E87-DA68967BB850}.Debug|Any CPU.ActiveCfg = Debug|Any CPU
		{BAAA317D-DA6B-4B8C-9E87-DA68967BB850}.Debug|Any CPU.Build.0 = Debug|Any CPU
		{BAAA317D-DA6B-4B8C-9E87-DA68967BB850}.Release|Any CPU.ActiveCfg = Release|Any CPU
		{BAAA317D-DA6B-4B8C-9E87-DA68967BB850}.Release|Any CPU.Build.0 = Release|Any CPU
		{C7E4E600-0EDA-4D9A-8EA9-2986A23DC492}.Debug|Any CPU.ActiveCfg = Debug|Any CPU
		{C7E4E600-0EDA-4D9A-8EA9-2986A23DC492}.Debug|Any CPU.Build.0 = Debug|Any CPU
		{C7E4E600-0EDA-4D9A-8EA9-2986A23DC492}.Release|Any CPU.ActiveCfg = Release|Any CPU
		{C7E4E600-0EDA-4D9A-8EA9-2986A23DC492}.Release|Any CPU.Build.0 = Release|Any CPU
		{E8206558-1F1F-47A6-9398-E4D002F6DC27}.Debug|Any CPU.ActiveCfg = Debug|Any CPU
		{E8206558-1F1F-47A6-9398-E4D002F6DC27}.Debug|Any CPU.Build.0 = Debug|Any CPU
		{E8206558-1F1F-47A6-9398-E4D002F6DC27}.Release|Any CPU.ActiveCfg = Release|Any CPU
		{E8206558-1F1F-47A6-9398-E4D002F6DC27}.Release|Any CPU.Build.0 = Release|Any CPU
		{7F6192CD-4A07-4E1D-AB40-7ED0B1D8CA57}.Debug|Any CPU.ActiveCfg = Debug|Any CPU
		{7F6192CD-4A07-4E1D-AB40-7ED0B1D8CA57}.Debug|Any CPU.Build.0 = Debug|Any CPU
		{7F6192CD-4A07-4E1D-AB40-7ED0B1D8CA57}.Release|Any CPU.ActiveCfg = Release|Any CPU
		{7F6192CD-4A07-4E1D-AB40-7ED0B1D8CA57}.Release|Any CPU.Build.0 = Release|Any CPU
		{0FF7A8A1-5CA3-48C7-9494-461909AD848F}.Debug|Any CPU.ActiveCfg = Debug|Any CPU
		{0FF7A8A1-5CA3-48C7-9494-461909AD848F}.Debug|Any CPU.Build.0 = Debug|Any CPU
		{0FF7A8A1-5CA3-48C7-9494-461909AD848F}.Release|Any CPU.ActiveCfg = Release|Any CPU
		{0FF7A8A1-5CA3-48C7-9494-461909AD848F}.Release|Any CPU.Build.0 = Release|Any CPU
		{67E457E0-F5DF-4A23-8B4B-41C43267EECA}.Debug|Any CPU.ActiveCfg = Debug|Any CPU
		{67E457E0-F5DF-4A23-8B4B-41C43267EECA}.Debug|Any CPU.Build.0 = Debug|Any CPU
		{67E457E0-F5DF-4A23-8B4B-41C43267EECA}.Release|Any CPU.ActiveCfg = Release|Any CPU
		{67E457E0-F5DF-4A23-8B4B-41C43267EECA}.Release|Any CPU.Build.0 = Release|Any CPU
		{A2EF9E14-7518-48E6-B6A4-73DAF383E11E}.Debug|Any CPU.ActiveCfg = Debug|Any CPU
		{A2EF9E14-7518-48E6-B6A4-73DAF383E11E}.Debug|Any CPU.Build.0 = Debug|Any CPU
		{A2EF9E14-7518-48E6-B6A4-73DAF383E11E}.Release|Any CPU.ActiveCfg = Release|Any CPU
		{A2EF9E14-7518-48E6-B6A4-73DAF383E11E}.Release|Any CPU.Build.0 = Release|Any CPU
		{4C89E071-2C56-44F9-962F-C5573AAD9017}.Debug|Any CPU.ActiveCfg = Debug|Any CPU
		{4C89E071-2C56-44F9-962F-C5573AAD9017}.Debug|Any CPU.Build.0 = Debug|Any CPU
		{4C89E071-2C56-44F9-962F-C5573AAD9017}.Release|Any CPU.ActiveCfg = Release|Any CPU
		{4C89E071-2C56-44F9-962F-C5573AAD9017}.Release|Any CPU.Build.0 = Release|Any CPU
		{8B208EDC-4A7E-4001-82BA-FF2A6DA16B41}.Debug|Any CPU.ActiveCfg = Debug|Any CPU
		{8B208EDC-4A7E-4001-82BA-FF2A6DA16B41}.Debug|Any CPU.Build.0 = Debug|Any CPU
		{8B208EDC-4A7E-4001-82BA-FF2A6DA16B41}.Release|Any CPU.ActiveCfg = Release|Any CPU
		{8B208EDC-4A7E-4001-82BA-FF2A6DA16B41}.Release|Any CPU.Build.0 = Release|Any CPU
		{87CD9B19-A77C-498F-B785-9FA3918633D0}.Debug|Any CPU.ActiveCfg = Debug|Any CPU
		{87CD9B19-A77C-498F-B785-9FA3918633D0}.Debug|Any CPU.Build.0 = Debug|Any CPU
		{87CD9B19-A77C-498F-B785-9FA3918633D0}.Release|Any CPU.ActiveCfg = Release|Any CPU
		{87CD9B19-A77C-498F-B785-9FA3918633D0}.Release|Any CPU.Build.0 = Release|Any CPU
		{4AA0CD94-8F53-4299-B17B-74039C3C9827}.Debug|Any CPU.ActiveCfg = Debug|Any CPU
		{4AA0CD94-8F53-4299-B17B-74039C3C9827}.Debug|Any CPU.Build.0 = Debug|Any CPU
		{4AA0CD94-8F53-4299-B17B-74039C3C9827}.Release|Any CPU.ActiveCfg = Release|Any CPU
		{4AA0CD94-8F53-4299-B17B-74039C3C9827}.Release|Any CPU.Build.0 = Release|Any CPU
		{A3ABF5AF-3715-4BC5-B2E7-79854260E0F2}.Debug|Any CPU.ActiveCfg = Debug|Any CPU
		{A3ABF5AF-3715-4BC5-B2E7-79854260E0F2}.Debug|Any CPU.Build.0 = Debug|Any CPU
		{A3ABF5AF-3715-4BC5-B2E7-79854260E0F2}.Release|Any CPU.ActiveCfg = Release|Any CPU
		{A3ABF5AF-3715-4BC5-B2E7-79854260E0F2}.Release|Any CPU.Build.0 = Release|Any CPU
		{68A900EF-E9DD-4815-8208-2655B31B7452}.Debug|Any CPU.ActiveCfg = Debug|Any CPU
		{68A900EF-E9DD-4815-8208-2655B31B7452}.Debug|Any CPU.Build.0 = Debug|Any CPU
		{68A900EF-E9DD-4815-8208-2655B31B7452}.Release|Any CPU.ActiveCfg = Release|Any CPU
		{68A900EF-E9DD-4815-8208-2655B31B7452}.Release|Any CPU.Build.0 = Release|Any CPU
		{3DD4449B-7F09-4E91-98C9-D8EF0CC73DF9}.Debug|Any CPU.ActiveCfg = Debug|Any CPU
		{3DD4449B-7F09-4E91-98C9-D8EF0CC73DF9}.Debug|Any CPU.Build.0 = Debug|Any CPU
		{3DD4449B-7F09-4E91-98C9-D8EF0CC73DF9}.Release|Any CPU.ActiveCfg = Release|Any CPU
		{3DD4449B-7F09-4E91-98C9-D8EF0CC73DF9}.Release|Any CPU.Build.0 = Release|Any CPU
		{EF1EF4CF-0925-4CFE-97CF-0F8659FB368A}.Debug|Any CPU.ActiveCfg = Debug|Any CPU
		{EF1EF4CF-0925-4CFE-97CF-0F8659FB368A}.Debug|Any CPU.Build.0 = Debug|Any CPU
		{EF1EF4CF-0925-4CFE-97CF-0F8659FB368A}.Release|Any CPU.ActiveCfg = Release|Any CPU
		{EF1EF4CF-0925-4CFE-97CF-0F8659FB368A}.Release|Any CPU.Build.0 = Release|Any CPU
		{4E6E1CBC-8443-44C7-858E-0C3D440B9C70}.Debug|Any CPU.ActiveCfg = Debug|Any CPU
		{4E6E1CBC-8443-44C7-858E-0C3D440B9C70}.Debug|Any CPU.Build.0 = Debug|Any CPU
		{4E6E1CBC-8443-44C7-858E-0C3D440B9C70}.Release|Any CPU.ActiveCfg = Release|Any CPU
		{4E6E1CBC-8443-44C7-858E-0C3D440B9C70}.Release|Any CPU.Build.0 = Release|Any CPU
		{D087DEA2-F6F4-492D-A068-F1AB98470836}.Debug|Any CPU.ActiveCfg = Debug|Any CPU
		{D087DEA2-F6F4-492D-A068-F1AB98470836}.Debug|Any CPU.Build.0 = Debug|Any CPU
		{D087DEA2-F6F4-492D-A068-F1AB98470836}.Release|Any CPU.ActiveCfg = Release|Any CPU
		{D087DEA2-F6F4-492D-A068-F1AB98470836}.Release|Any CPU.Build.0 = Release|Any CPU
		{F36FA8DD-BB9B-4E02-875A-395E8493AB29}.Debug|Any CPU.ActiveCfg = Debug|Any CPU
		{F36FA8DD-BB9B-4E02-875A-395E8493AB29}.Debug|Any CPU.Build.0 = Debug|Any CPU
		{F36FA8DD-BB9B-4E02-875A-395E8493AB29}.Release|Any CPU.ActiveCfg = Release|Any CPU
		{F36FA8DD-BB9B-4E02-875A-395E8493AB29}.Release|Any CPU.Build.0 = Release|Any CPU
		{382A4FA6-66FB-4172-A3EB-ABC5F08718E8}.Debug|Any CPU.ActiveCfg = Debug|Any CPU
		{382A4FA6-66FB-4172-A3EB-ABC5F08718E8}.Debug|Any CPU.Build.0 = Debug|Any CPU
		{382A4FA6-66FB-4172-A3EB-ABC5F08718E8}.Release|Any CPU.ActiveCfg = Release|Any CPU
		{382A4FA6-66FB-4172-A3EB-ABC5F08718E8}.Release|Any CPU.Build.0 = Release|Any CPU
		{4548EA48-05B8-43F5-8A99-88EA7D181E8C}.Debug|Any CPU.ActiveCfg = Debug|Any CPU
		{4548EA48-05B8-43F5-8A99-88EA7D181E8C}.Debug|Any CPU.Build.0 = Debug|Any CPU
		{4548EA48-05B8-43F5-8A99-88EA7D181E8C}.Release|Any CPU.ActiveCfg = Release|Any CPU
		{4548EA48-05B8-43F5-8A99-88EA7D181E8C}.Release|Any CPU.Build.0 = Release|Any CPU
		{B1214B2C-2917-41AD-9195-CD8947302A61}.Debug|Any CPU.ActiveCfg = Debug|Any CPU
		{B1214B2C-2917-41AD-9195-CD8947302A61}.Debug|Any CPU.Build.0 = Debug|Any CPU
		{B1214B2C-2917-41AD-9195-CD8947302A61}.Release|Any CPU.ActiveCfg = Release|Any CPU
		{B1214B2C-2917-41AD-9195-CD8947302A61}.Release|Any CPU.Build.0 = Release|Any CPU
		{D7B3189A-EC4F-4A4D-8A72-330B334997E3}.Debug|Any CPU.ActiveCfg = Debug|Any CPU
		{D7B3189A-EC4F-4A4D-8A72-330B334997E3}.Debug|Any CPU.Build.0 = Debug|Any CPU
		{D7B3189A-EC4F-4A4D-8A72-330B334997E3}.Release|Any CPU.ActiveCfg = Release|Any CPU
		{D7B3189A-EC4F-4A4D-8A72-330B334997E3}.Release|Any CPU.Build.0 = Release|Any CPU
		{84F61112-C892-4451-B195-DEF682886686}.Debug|Any CPU.ActiveCfg = Debug|Any CPU
		{84F61112-C892-4451-B195-DEF682886686}.Debug|Any CPU.Build.0 = Debug|Any CPU
		{84F61112-C892-4451-B195-DEF682886686}.Release|Any CPU.ActiveCfg = Release|Any CPU
		{84F61112-C892-4451-B195-DEF682886686}.Release|Any CPU.Build.0 = Release|Any CPU
		{B3D0CE2A-FFEF-466C-8179-72370D200DB6}.Debug|Any CPU.ActiveCfg = Debug|Any CPU
		{B3D0CE2A-FFEF-466C-8179-72370D200DB6}.Debug|Any CPU.Build.0 = Debug|Any CPU
		{B3D0CE2A-FFEF-466C-8179-72370D200DB6}.Release|Any CPU.ActiveCfg = Release|Any CPU
		{B3D0CE2A-FFEF-466C-8179-72370D200DB6}.Release|Any CPU.Build.0 = Release|Any CPU
		{493CE2B9-5075-4D0C-9FB5-BF4A2ACA9542}.Debug|Any CPU.ActiveCfg = Debug|Any CPU
		{493CE2B9-5075-4D0C-9FB5-BF4A2ACA9542}.Debug|Any CPU.Build.0 = Debug|Any CPU
		{493CE2B9-5075-4D0C-9FB5-BF4A2ACA9542}.Release|Any CPU.ActiveCfg = Release|Any CPU
		{493CE2B9-5075-4D0C-9FB5-BF4A2ACA9542}.Release|Any CPU.Build.0 = Release|Any CPU
		{27A3EC95-9373-4505-BACC-924CC204A0B4}.Debug|Any CPU.ActiveCfg = Debug|Any CPU
		{27A3EC95-9373-4505-BACC-924CC204A0B4}.Debug|Any CPU.Build.0 = Debug|Any CPU
		{27A3EC95-9373-4505-BACC-924CC204A0B4}.Release|Any CPU.ActiveCfg = Release|Any CPU
		{27A3EC95-9373-4505-BACC-924CC204A0B4}.Release|Any CPU.Build.0 = Release|Any CPU
		{9A163797-3898-4F45-BA52-EE60807F3535}.Debug|Any CPU.ActiveCfg = Debug|Any CPU
		{9A163797-3898-4F45-BA52-EE60807F3535}.Debug|Any CPU.Build.0 = Debug|Any CPU
		{9A163797-3898-4F45-BA52-EE60807F3535}.Release|Any CPU.ActiveCfg = Release|Any CPU
		{9A163797-3898-4F45-BA52-EE60807F3535}.Release|Any CPU.Build.0 = Release|Any CPU
		{CB80D298-9191-48DB-8A2F-F485EE5E5621}.Debug|Any CPU.ActiveCfg = Debug|Any CPU
		{CB80D298-9191-48DB-8A2F-F485EE5E5621}.Debug|Any CPU.Build.0 = Debug|Any CPU
		{CB80D298-9191-48DB-8A2F-F485EE5E5621}.Release|Any CPU.ActiveCfg = Release|Any CPU
		{CB80D298-9191-48DB-8A2F-F485EE5E5621}.Release|Any CPU.Build.0 = Release|Any CPU
		{734FF1C7-FB53-49DF-ABF1-3C03FE646182}.Debug|Any CPU.ActiveCfg = Debug|Any CPU
		{734FF1C7-FB53-49DF-ABF1-3C03FE646182}.Debug|Any CPU.Build.0 = Debug|Any CPU
		{734FF1C7-FB53-49DF-ABF1-3C03FE646182}.Release|Any CPU.ActiveCfg = Release|Any CPU
		{734FF1C7-FB53-49DF-ABF1-3C03FE646182}.Release|Any CPU.Build.0 = Release|Any CPU
		{81DBF358-3A23-4DC0-92FE-4EE20C2C6092}.Debug|Any CPU.ActiveCfg = Debug|Any CPU
		{81DBF358-3A23-4DC0-92FE-4EE20C2C6092}.Debug|Any CPU.Build.0 = Debug|Any CPU
		{81DBF358-3A23-4DC0-92FE-4EE20C2C6092}.Release|Any CPU.ActiveCfg = Release|Any CPU
		{81DBF358-3A23-4DC0-92FE-4EE20C2C6092}.Release|Any CPU.Build.0 = Release|Any CPU
		{0FE40F70-899D-4AD5-9590-177593A664E0}.Debug|Any CPU.ActiveCfg = Debug|Any CPU
		{0FE40F70-899D-4AD5-9590-177593A664E0}.Debug|Any CPU.Build.0 = Debug|Any CPU
		{0FE40F70-899D-4AD5-9590-177593A664E0}.Release|Any CPU.ActiveCfg = Release|Any CPU
		{0FE40F70-899D-4AD5-9590-177593A664E0}.Release|Any CPU.Build.0 = Release|Any CPU
		{485E0B6B-7E67-4B4C-82A7-A0135ABAB3A9}.Debug|Any CPU.ActiveCfg = Debug|Any CPU
		{485E0B6B-7E67-4B4C-82A7-A0135ABAB3A9}.Debug|Any CPU.Build.0 = Debug|Any CPU
		{485E0B6B-7E67-4B4C-82A7-A0135ABAB3A9}.Release|Any CPU.ActiveCfg = Release|Any CPU
		{485E0B6B-7E67-4B4C-82A7-A0135ABAB3A9}.Release|Any CPU.Build.0 = Release|Any CPU
		{A1CE6D26-54B0-4C38-8CBC-2AC6C2E5DDCB}.Debug|Any CPU.ActiveCfg = Debug|Any CPU
		{A1CE6D26-54B0-4C38-8CBC-2AC6C2E5DDCB}.Debug|Any CPU.Build.0 = Debug|Any CPU
		{A1CE6D26-54B0-4C38-8CBC-2AC6C2E5DDCB}.Release|Any CPU.ActiveCfg = Release|Any CPU
		{A1CE6D26-54B0-4C38-8CBC-2AC6C2E5DDCB}.Release|Any CPU.Build.0 = Release|Any CPU
		{BE09F29B-63E4-4F7A-8D21-35FA3DF73B3F}.Debug|Any CPU.ActiveCfg = Debug|Any CPU
		{BE09F29B-63E4-4F7A-8D21-35FA3DF73B3F}.Debug|Any CPU.Build.0 = Debug|Any CPU
		{BE09F29B-63E4-4F7A-8D21-35FA3DF73B3F}.Release|Any CPU.ActiveCfg = Release|Any CPU
		{BE09F29B-63E4-4F7A-8D21-35FA3DF73B3F}.Release|Any CPU.Build.0 = Release|Any CPU
		{33141CB0-45F9-4E08-B4BE-45E5E9F90BF6}.Debug|Any CPU.ActiveCfg = Debug|Any CPU
		{33141CB0-45F9-4E08-B4BE-45E5E9F90BF6}.Debug|Any CPU.Build.0 = Debug|Any CPU
		{33141CB0-45F9-4E08-B4BE-45E5E9F90BF6}.Release|Any CPU.ActiveCfg = Release|Any CPU
		{33141CB0-45F9-4E08-B4BE-45E5E9F90BF6}.Release|Any CPU.Build.0 = Release|Any CPU
		{4A900F77-A609-4B64-8306-C2BEA844A8FA}.Debug|Any CPU.ActiveCfg = Debug|Any CPU
		{4A900F77-A609-4B64-8306-C2BEA844A8FA}.Debug|Any CPU.Build.0 = Debug|Any CPU
		{4A900F77-A609-4B64-8306-C2BEA844A8FA}.Release|Any CPU.ActiveCfg = Release|Any CPU
		{4A900F77-A609-4B64-8306-C2BEA844A8FA}.Release|Any CPU.Build.0 = Release|Any CPU
		{AAFD78B7-12A4-4493-9998-A788EC1AA897}.Debug|Any CPU.ActiveCfg = Debug|Any CPU
		{AAFD78B7-12A4-4493-9998-A788EC1AA897}.Debug|Any CPU.Build.0 = Debug|Any CPU
		{AAFD78B7-12A4-4493-9998-A788EC1AA897}.Release|Any CPU.ActiveCfg = Release|Any CPU
		{AAFD78B7-12A4-4493-9998-A788EC1AA897}.Release|Any CPU.Build.0 = Release|Any CPU
		{D9CB7D24-8260-4E0F-B530-6C4CEA4BA7BE}.Debug|Any CPU.ActiveCfg = Debug|Any CPU
		{D9CB7D24-8260-4E0F-B530-6C4CEA4BA7BE}.Debug|Any CPU.Build.0 = Debug|Any CPU
		{D9CB7D24-8260-4E0F-B530-6C4CEA4BA7BE}.Release|Any CPU.ActiveCfg = Release|Any CPU
		{D9CB7D24-8260-4E0F-B530-6C4CEA4BA7BE}.Release|Any CPU.Build.0 = Release|Any CPU
		{1BB700E1-45C3-4B48-9804-D77FEB05B06E}.Debug|Any CPU.ActiveCfg = Debug|Any CPU
		{1BB700E1-45C3-4B48-9804-D77FEB05B06E}.Debug|Any CPU.Build.0 = Debug|Any CPU
		{1BB700E1-45C3-4B48-9804-D77FEB05B06E}.Release|Any CPU.ActiveCfg = Release|Any CPU
		{1BB700E1-45C3-4B48-9804-D77FEB05B06E}.Release|Any CPU.Build.0 = Release|Any CPU
		{4F080955-79D7-4D88-8A1B-6D271536FE56}.Debug|Any CPU.ActiveCfg = Debug|Any CPU
		{4F080955-79D7-4D88-8A1B-6D271536FE56}.Debug|Any CPU.Build.0 = Debug|Any CPU
		{4F080955-79D7-4D88-8A1B-6D271536FE56}.Release|Any CPU.ActiveCfg = Release|Any CPU
		{4F080955-79D7-4D88-8A1B-6D271536FE56}.Release|Any CPU.Build.0 = Release|Any CPU
		{66DB6A28-9C66-4788-85CD-E30F104FB7FB}.Debug|Any CPU.ActiveCfg = Debug|Any CPU
		{66DB6A28-9C66-4788-85CD-E30F104FB7FB}.Debug|Any CPU.Build.0 = Debug|Any CPU
		{66DB6A28-9C66-4788-85CD-E30F104FB7FB}.Release|Any CPU.ActiveCfg = Release|Any CPU
		{66DB6A28-9C66-4788-85CD-E30F104FB7FB}.Release|Any CPU.Build.0 = Release|Any CPU
		{8EC30785-C1A2-4C2B-8F38-30D1D61BB757}.Debug|Any CPU.ActiveCfg = Debug|Any CPU
		{8EC30785-C1A2-4C2B-8F38-30D1D61BB757}.Debug|Any CPU.Build.0 = Debug|Any CPU
		{8EC30785-C1A2-4C2B-8F38-30D1D61BB757}.Release|Any CPU.ActiveCfg = Release|Any CPU
		{8EC30785-C1A2-4C2B-8F38-30D1D61BB757}.Release|Any CPU.Build.0 = Release|Any CPU
		{983885E7-0E1F-4D1C-9ACF-66DBA2E1EBEF}.Debug|Any CPU.ActiveCfg = Debug|Any CPU
		{983885E7-0E1F-4D1C-9ACF-66DBA2E1EBEF}.Debug|Any CPU.Build.0 = Debug|Any CPU
		{983885E7-0E1F-4D1C-9ACF-66DBA2E1EBEF}.Release|Any CPU.ActiveCfg = Release|Any CPU
		{983885E7-0E1F-4D1C-9ACF-66DBA2E1EBEF}.Release|Any CPU.Build.0 = Release|Any CPU
		{A7084841-EED6-4B13-9EF8-26A8B526C282}.Debug|Any CPU.ActiveCfg = Debug|Any CPU
		{A7084841-EED6-4B13-9EF8-26A8B526C282}.Debug|Any CPU.Build.0 = Debug|Any CPU
		{A7084841-EED6-4B13-9EF8-26A8B526C282}.Release|Any CPU.ActiveCfg = Release|Any CPU
		{A7084841-EED6-4B13-9EF8-26A8B526C282}.Release|Any CPU.Build.0 = Release|Any CPU
		{6C8AA9DD-48B7-499B-8AE8-60CB57F7A921}.Debug|Any CPU.ActiveCfg = Debug|Any CPU
		{6C8AA9DD-48B7-499B-8AE8-60CB57F7A921}.Debug|Any CPU.Build.0 = Debug|Any CPU
		{6C8AA9DD-48B7-499B-8AE8-60CB57F7A921}.Release|Any CPU.ActiveCfg = Release|Any CPU
		{6C8AA9DD-48B7-499B-8AE8-60CB57F7A921}.Release|Any CPU.Build.0 = Release|Any CPU
		{B524C264-376F-4630-A6A1-58A61B4B5E29}.Debug|Any CPU.ActiveCfg = Debug|Any CPU
		{B524C264-376F-4630-A6A1-58A61B4B5E29}.Debug|Any CPU.Build.0 = Debug|Any CPU
		{B524C264-376F-4630-A6A1-58A61B4B5E29}.Release|Any CPU.ActiveCfg = Release|Any CPU
		{B524C264-376F-4630-A6A1-58A61B4B5E29}.Release|Any CPU.Build.0 = Release|Any CPU
		{FD3E1072-74FA-4C5D-BABB-5CDE7169E501}.Debug|Any CPU.ActiveCfg = Debug|Any CPU
		{FD3E1072-74FA-4C5D-BABB-5CDE7169E501}.Debug|Any CPU.Build.0 = Debug|Any CPU
		{FD3E1072-74FA-4C5D-BABB-5CDE7169E501}.Release|Any CPU.ActiveCfg = Release|Any CPU
		{FD3E1072-74FA-4C5D-BABB-5CDE7169E501}.Release|Any CPU.Build.0 = Release|Any CPU
		{24F895C7-ACCA-4DAA-A4B7-CB340BB30C7D}.Debug|Any CPU.ActiveCfg = Debug|Any CPU
		{24F895C7-ACCA-4DAA-A4B7-CB340BB30C7D}.Debug|Any CPU.Build.0 = Debug|Any CPU
		{24F895C7-ACCA-4DAA-A4B7-CB340BB30C7D}.Release|Any CPU.ActiveCfg = Release|Any CPU
		{24F895C7-ACCA-4DAA-A4B7-CB340BB30C7D}.Release|Any CPU.Build.0 = Release|Any CPU
		{BAA648E4-BBFB-47A8-9110-3906F38BB772}.Debug|Any CPU.ActiveCfg = Debug|Any CPU
		{BAA648E4-BBFB-47A8-9110-3906F38BB772}.Debug|Any CPU.Build.0 = Debug|Any CPU
		{BAA648E4-BBFB-47A8-9110-3906F38BB772}.Release|Any CPU.ActiveCfg = Release|Any CPU
		{BAA648E4-BBFB-47A8-9110-3906F38BB772}.Release|Any CPU.Build.0 = Release|Any CPU
		{940C22FD-426A-4C6E-B61F-1C9F1B3507ED}.Debug|Any CPU.ActiveCfg = Debug|Any CPU
		{940C22FD-426A-4C6E-B61F-1C9F1B3507ED}.Debug|Any CPU.Build.0 = Debug|Any CPU
		{940C22FD-426A-4C6E-B61F-1C9F1B3507ED}.Release|Any CPU.ActiveCfg = Release|Any CPU
		{940C22FD-426A-4C6E-B61F-1C9F1B3507ED}.Release|Any CPU.Build.0 = Release|Any CPU
		{D78A2C62-977C-46CC-909C-E0CC37D37C32}.Debug|Any CPU.ActiveCfg = Debug|Any CPU
		{D78A2C62-977C-46CC-909C-E0CC37D37C32}.Debug|Any CPU.Build.0 = Debug|Any CPU
		{D78A2C62-977C-46CC-909C-E0CC37D37C32}.Release|Any CPU.ActiveCfg = Release|Any CPU
		{D78A2C62-977C-46CC-909C-E0CC37D37C32}.Release|Any CPU.Build.0 = Release|Any CPU
		{7E3C52CA-2D78-44B4-9863-277CEEB17B62}.Debug|Any CPU.ActiveCfg = Debug|Any CPU
		{7E3C52CA-2D78-44B4-9863-277CEEB17B62}.Debug|Any CPU.Build.0 = Debug|Any CPU
		{7E3C52CA-2D78-44B4-9863-277CEEB17B62}.Release|Any CPU.ActiveCfg = Release|Any CPU
		{7E3C52CA-2D78-44B4-9863-277CEEB17B62}.Release|Any CPU.Build.0 = Release|Any CPU
	EndGlobalSection
	GlobalSection(SolutionProperties) = preSolution
		HideSolutionNode = FALSE
	EndGlobalSection
	GlobalSection(NestedProjects) = preSolution
		{DD4E15D8-FC59-40CC-BBD1-35E93F23DAD0} = {D865B4E8-0AD3-439F-8258-5C920D5EFC39}
		{27A3EC95-9373-4505-BACC-924CC204A0B4} = {DD4E15D8-FC59-40CC-BBD1-35E93F23DAD0}
		{9A163797-3898-4F45-BA52-EE60807F3535} = {DD4E15D8-FC59-40CC-BBD1-35E93F23DAD0}
		{00957ABE-6527-4A4A-9972-6C1C3FBB9361} = {D865B4E8-0AD3-439F-8258-5C920D5EFC39}
		{CB80D298-9191-48DB-8A2F-F485EE5E5621} = {00957ABE-6527-4A4A-9972-6C1C3FBB9361}
		{734FF1C7-FB53-49DF-ABF1-3C03FE646182} = {00957ABE-6527-4A4A-9972-6C1C3FBB9361}
		{81DBF358-3A23-4DC0-92FE-4EE20C2C6092} = {00957ABE-6527-4A4A-9972-6C1C3FBB9361}
		{36942B1D-12EE-415F-859F-B86E75407D1E} = {D865B4E8-0AD3-439F-8258-5C920D5EFC39}
		{0FE40F70-899D-4AD5-9590-177593A664E0} = {36942B1D-12EE-415F-859F-B86E75407D1E}
		{485E0B6B-7E67-4B4C-82A7-A0135ABAB3A9} = {36942B1D-12EE-415F-859F-B86E75407D1E}
		{A1CE6D26-54B0-4C38-8CBC-2AC6C2E5DDCB} = {36942B1D-12EE-415F-859F-B86E75407D1E}
		{BE09F29B-63E4-4F7A-8D21-35FA3DF73B3F} = {36942B1D-12EE-415F-859F-B86E75407D1E}
		{33141CB0-45F9-4E08-B4BE-45E5E9F90BF6} = {36942B1D-12EE-415F-859F-B86E75407D1E}
		{4A900F77-A609-4B64-8306-C2BEA844A8FA} = {36942B1D-12EE-415F-859F-B86E75407D1E}
		{AAFD78B7-12A4-4493-9998-A788EC1AA897} = {36942B1D-12EE-415F-859F-B86E75407D1E}
		{206416C0-3779-4704-AC21-F1C1B6DF8EA9} = {D865B4E8-0AD3-439F-8258-5C920D5EFC39}
		{D9CB7D24-8260-4E0F-B530-6C4CEA4BA7BE} = {206416C0-3779-4704-AC21-F1C1B6DF8EA9}
		{1BB700E1-45C3-4B48-9804-D77FEB05B06E} = {206416C0-3779-4704-AC21-F1C1B6DF8EA9}
		{4F080955-79D7-4D88-8A1B-6D271536FE56} = {206416C0-3779-4704-AC21-F1C1B6DF8EA9}
		{66DB6A28-9C66-4788-85CD-E30F104FB7FB} = {206416C0-3779-4704-AC21-F1C1B6DF8EA9}
		{8EC30785-C1A2-4C2B-8F38-30D1D61BB757} = {206416C0-3779-4704-AC21-F1C1B6DF8EA9}
		{983885E7-0E1F-4D1C-9ACF-66DBA2E1EBEF} = {206416C0-3779-4704-AC21-F1C1B6DF8EA9}
		{A7084841-EED6-4B13-9EF8-26A8B526C282} = {206416C0-3779-4704-AC21-F1C1B6DF8EA9}
		{096C1B78-1B41-4965-91FA-90EDAE88E17D} = {D865B4E8-0AD3-439F-8258-5C920D5EFC39}
		{6C8AA9DD-48B7-499B-8AE8-60CB57F7A921} = {096C1B78-1B41-4965-91FA-90EDAE88E17D}
		{B524C264-376F-4630-A6A1-58A61B4B5E29} = {096C1B78-1B41-4965-91FA-90EDAE88E17D}
		{FD3E1072-74FA-4C5D-BABB-5CDE7169E501} = {096C1B78-1B41-4965-91FA-90EDAE88E17D}
		{24F895C7-ACCA-4DAA-A4B7-CB340BB30C7D} = {096C1B78-1B41-4965-91FA-90EDAE88E17D}
		{BAA648E4-BBFB-47A8-9110-3906F38BB772} = {096C1B78-1B41-4965-91FA-90EDAE88E17D}
		{940C22FD-426A-4C6E-B61F-1C9F1B3507ED} = {D865B4E8-0AD3-439F-8258-5C920D5EFC39}
		{D78A2C62-977C-46CC-909C-E0CC37D37C32} = {D865B4E8-0AD3-439F-8258-5C920D5EFC39}
		{7E3C52CA-2D78-44B4-9863-277CEEB17B62} = {D865B4E8-0AD3-439F-8258-5C920D5EFC39}
	EndGlobalSection
	GlobalSection(ExtensibilityGlobals) = postSolution
		SolutionGuid = {DF5DABD3-6BFD-42AF-A930-0AB0917F46E7}
	EndGlobalSection
EndGlobal
